
Microsoft Visual Studio Solution File, Format Version 12.00
# Visual Studio Version 16
VisualStudioVersion = 16.0.31005.135
MinimumVisualStudioVersion = 10.0.40219.1
Project("{FAE04EC0-301F-11D3-BF4B-00C04F79EFBC}") = "_cmd", "_cmd.csproj", "{2F08C184-5A55-478A-BB10-0A9553DDD87E}"
EndProject
Global
	GlobalSection(SolutionConfigurationPlatforms) = preSolution
		Debug|Any CPU = Debug|Any CPU
		Release|Any CPU = Release|Any CPU
	EndGlobalSection
	GlobalSection(ProjectConfigurationPlatforms) = postSolution
		{2F08C184-5A55-478A-BB10-0A9553DDD87E}.Debug|Any CPU.ActiveCfg = Debug|Any CPU
		{2F08C184-5A55-478A-BB10-0A9553DDD87E}.Debug|Any CPU.Build.0 = Debug|Any CPU
		{2F08C184-5A55-478A-BB10-0A9553DDD87E}.Release|Any CPU.ActiveCfg = Release|Any CPU
		{2F08C184-5A55-478A-BB10-0A9553DDD87E}.Release|Any CPU.Build.0 = Release|Any CPU
	EndGlobalSection
	GlobalSection(SolutionProperties) = preSolution
		HideSolutionNode = FALSE
	EndGlobalSection
	GlobalSection(ExtensibilityGlobals) = postSolution
		SolutionGuid = {CABCAF0D-4005-468B-B532-19BAE2091D47}
	EndGlobalSection
EndGlobal
